
Microsoft Visual Studio Solution File, Format Version 12.00
# Visual Studio Version 17
VisualStudioVersion = 17.5.33414.496
MinimumVisualStudioVersion = 10.0.40219.1
Project("{2150E333-8FDC-42A3-9474-1A3956D46DE8}") = "CS108MvxApp", "CS108MvxApp", "{704DE96C-C11F-455C-BB36-6EFBAC1C5F93}"
EndProject
Project("{9A19103F-16F7-4668-BE54-9A1E7A4F7556}") = "BLE.Client", "CS108MvxApp\BLE.Client\BLE.Client.csproj", "{47E1BEC1-4717-46F5-9E71-6F4CCB7B0EAF}"
EndProject
Project("{FAE04EC0-301F-11D3-BF4B-00C04F79EFBC}") = "BLE.Client.Droid", "CS108MvxApp\BLE.Client.Droid\BLE.Client.Droid.csproj", "{7B0E4EFD-EEB8-4CE9-9C8D-7A4BF734E9A7}"
EndProject
Project("{FAE04EC0-301F-11D3-BF4B-00C04F79EFBC}") = "BLE.Client.iOS", "CS108MvxApp\BLE.Client.iOS\BLE.Client.iOS.csproj", "{D0FBE2BA-799B-4071-A45D-8FB037006C9C}"
EndProject
Project("{2150E333-8FDC-42A3-9474-1A3956D46DE8}") = "Library", "Library", "{A9DD584A-DDD3-4CEC-9EDA-2488C719A142}"
EndProject
Project("{9A19103F-16F7-4668-BE54-9A1E7A4F7556}") = "CSLibrary-NETStandard", "Library\CSLibrary\CSLibrary-NETStandard.csproj", "{807E6890-DE59-4007-B814-102DEB1F753F}"
EndProject
Global
	GlobalSection(SolutionConfigurationPlatforms) = preSolution
		Ad-Hoc|Any CPU = Ad-Hoc|Any CPU
		Ad-Hoc|iPhone = Ad-Hoc|iPhone
		Ad-Hoc|iPhoneSimulator = Ad-Hoc|iPhoneSimulator
		AppStore|Any CPU = AppStore|Any CPU
		AppStore|iPhone = AppStore|iPhone
		AppStore|iPhoneSimulator = AppStore|iPhoneSimulator
		Debug|Any CPU = Debug|Any CPU
		Debug|iPhone = Debug|iPhone
		Debug|iPhoneSimulator = Debug|iPhoneSimulator
		Release|Any CPU = Release|Any CPU
		Release|iPhone = Release|iPhone
		Release|iPhoneSimulator = Release|iPhoneSimulator
	EndGlobalSection
	GlobalSection(ProjectConfigurationPlatforms) = postSolution
		{47E1BEC1-4717-46F5-9E71-6F4CCB7B0EAF}.Ad-Hoc|Any CPU.ActiveCfg = Release|Any CPU
		{47E1BEC1-4717-46F5-9E71-6F4CCB7B0EAF}.Ad-Hoc|Any CPU.Build.0 = Release|Any CPU
		{47E1BEC1-4717-46F5-9E71-6F4CCB7B0EAF}.Ad-Hoc|iPhone.ActiveCfg = Debug|Any CPU
		{47E1BEC1-4717-46F5-9E71-6F4CCB7B0EAF}.Ad-Hoc|iPhone.Build.0 = Debug|Any CPU
		{47E1BEC1-4717-46F5-9E71-6F4CCB7B0EAF}.Ad-Hoc|iPhoneSimulator.ActiveCfg = Release|Any CPU
		{47E1BEC1-4717-46F5-9E71-6F4CCB7B0EAF}.Ad-Hoc|iPhoneSimulator.Build.0 = Release|Any CPU
		{47E1BEC1-4717-46F5-9E71-6F4CCB7B0EAF}.AppStore|Any CPU.ActiveCfg = Release|Any CPU
		{47E1BEC1-4717-46F5-9E71-6F4CCB7B0EAF}.AppStore|Any CPU.Build.0 = Release|Any CPU
		{47E1BEC1-4717-46F5-9E71-6F4CCB7B0EAF}.AppStore|iPhone.ActiveCfg = Debug|Any CPU
		{47E1BEC1-4717-46F5-9E71-6F4CCB7B0EAF}.AppStore|iPhone.Build.0 = Debug|Any CPU
		{47E1BEC1-4717-46F5-9E71-6F4CCB7B0EAF}.AppStore|iPhoneSimulator.ActiveCfg = Release|Any CPU
		{47E1BEC1-4717-46F5-9E71-6F4CCB7B0EAF}.AppStore|iPhoneSimulator.Build.0 = Release|Any CPU
		{47E1BEC1-4717-46F5-9E71-6F4CCB7B0EAF}.Debug|Any CPU.ActiveCfg = Debug|Any CPU
		{47E1BEC1-4717-46F5-9E71-6F4CCB7B0EAF}.Debug|Any CPU.Build.0 = Debug|Any CPU
		{47E1BEC1-4717-46F5-9E71-6F4CCB7B0EAF}.Debug|iPhone.ActiveCfg = Debug|Any CPU
		{47E1BEC1-4717-46F5-9E71-6F4CCB7B0EAF}.Debug|iPhone.Build.0 = Debug|Any CPU
		{47E1BEC1-4717-46F5-9E71-6F4CCB7B0EAF}.Debug|iPhoneSimulator.ActiveCfg = Debug|Any CPU
		{47E1BEC1-4717-46F5-9E71-6F4CCB7B0EAF}.Debug|iPhoneSimulator.Build.0 = Debug|Any CPU
		{47E1BEC1-4717-46F5-9E71-6F4CCB7B0EAF}.Release|Any CPU.ActiveCfg = Release|Any CPU
		{47E1BEC1-4717-46F5-9E71-6F4CCB7B0EAF}.Release|Any CPU.Build.0 = Release|Any CPU
		{47E1BEC1-4717-46F5-9E71-6F4CCB7B0EAF}.Release|iPhone.ActiveCfg = Release|Any CPU
		{47E1BEC1-4717-46F5-9E71-6F4CCB7B0EAF}.Release|iPhone.Build.0 = Release|Any CPU
		{47E1BEC1-4717-46F5-9E71-6F4CCB7B0EAF}.Release|iPhoneSimulator.ActiveCfg = Release|Any CPU
		{47E1BEC1-4717-46F5-9E71-6F4CCB7B0EAF}.Release|iPhoneSimulator.Build.0 = Release|Any CPU
		{7B0E4EFD-EEB8-4CE9-9C8D-7A4BF734E9A7}.Ad-Hoc|Any CPU.ActiveCfg = Release|Any CPU
		{7B0E4EFD-EEB8-4CE9-9C8D-7A4BF734E9A7}.Ad-Hoc|Any CPU.Build.0 = Release|Any CPU
		{7B0E4EFD-EEB8-4CE9-9C8D-7A4BF734E9A7}.Ad-Hoc|Any CPU.Deploy.0 = Release|Any CPU
		{7B0E4EFD-EEB8-4CE9-9C8D-7A4BF734E9A7}.Ad-Hoc|iPhone.ActiveCfg = Debug|Any CPU
		{7B0E4EFD-EEB8-4CE9-9C8D-7A4BF734E9A7}.Ad-Hoc|iPhone.Build.0 = Debug|Any CPU
		{7B0E4EFD-EEB8-4CE9-9C8D-7A4BF734E9A7}.Ad-Hoc|iPhoneSimulator.ActiveCfg = Release|Any CPU
		{7B0E4EFD-EEB8-4CE9-9C8D-7A4BF734E9A7}.Ad-Hoc|iPhoneSimulator.Build.0 = Release|Any CPU
		{7B0E4EFD-EEB8-4CE9-9C8D-7A4BF734E9A7}.Ad-Hoc|iPhoneSimulator.Deploy.0 = Release|Any CPU
		{7B0E4EFD-EEB8-4CE9-9C8D-7A4BF734E9A7}.AppStore|Any CPU.ActiveCfg = Release|Any CPU
		{7B0E4EFD-EEB8-4CE9-9C8D-7A4BF734E9A7}.AppStore|Any CPU.Build.0 = Release|Any CPU
		{7B0E4EFD-EEB8-4CE9-9C8D-7A4BF734E9A7}.AppStore|Any CPU.Deploy.0 = Release|Any CPU
		{7B0E4EFD-EEB8-4CE9-9C8D-7A4BF734E9A7}.AppStore|iPhone.ActiveCfg = Debug|Any CPU
		{7B0E4EFD-EEB8-4CE9-9C8D-7A4BF734E9A7}.AppStore|iPhone.Build.0 = Debug|Any CPU
		{7B0E4EFD-EEB8-4CE9-9C8D-7A4BF734E9A7}.AppStore|iPhoneSimulator.ActiveCfg = Release|Any CPU
		{7B0E4EFD-EEB8-4CE9-9C8D-7A4BF734E9A7}.AppStore|iPhoneSimulator.Build.0 = Release|Any CPU
		{7B0E4EFD-EEB8-4CE9-9C8D-7A4BF734E9A7}.AppStore|iPhoneSimulator.Deploy.0 = Release|Any CPU
		{7B0E4EFD-EEB8-4CE9-9C8D-7A4BF734E9A7}.Debug|Any CPU.ActiveCfg = Debug|Any CPU
		{7B0E4EFD-EEB8-4CE9-9C8D-7A4BF734E9A7}.Debug|Any CPU.Build.0 = Debug|Any CPU
		{7B0E4EFD-EEB8-4CE9-9C8D-7A4BF734E9A7}.Debug|Any CPU.Deploy.0 = Debug|Any CPU
		{7B0E4EFD-EEB8-4CE9-9C8D-7A4BF734E9A7}.Debug|iPhone.ActiveCfg = Debug|Any CPU
		{7B0E4EFD-EEB8-4CE9-9C8D-7A4BF734E9A7}.Debug|iPhone.Build.0 = Debug|Any CPU
		{7B0E4EFD-EEB8-4CE9-9C8D-7A4BF734E9A7}.Debug|iPhone.Deploy.0 = Debug|Any CPU
		{7B0E4EFD-EEB8-4CE9-9C8D-7A4BF734E9A7}.Debug|iPhoneSimulator.ActiveCfg = Debug|Any CPU
		{7B0E4EFD-EEB8-4CE9-9C8D-7A4BF734E9A7}.Debug|iPhoneSimulator.Build.0 = Debug|Any CPU
		{7B0E4EFD-EEB8-4CE9-9C8D-7A4BF734E9A7}.Release|Any CPU.ActiveCfg = Release|Any CPU
		{7B0E4EFD-EEB8-4CE9-9C8D-7A4BF734E9A7}.Release|Any CPU.Build.0 = Release|Any CPU
		{7B0E4EFD-EEB8-4CE9-9C8D-7A4BF734E9A7}.Release|iPhone.ActiveCfg = Release|Any CPU
		{7B0E4EFD-EEB8-4CE9-9C8D-7A4BF734E9A7}.Release|iPhone.Build.0 = Release|Any CPU
		{7B0E4EFD-EEB8-4CE9-9C8D-7A4BF734E9A7}.Release|iPhoneSimulator.ActiveCfg = Release|Any CPU
		{7B0E4EFD-EEB8-4CE9-9C8D-7A4BF734E9A7}.Release|iPhoneSimulator.Build.0 = Release|Any CPU
		{D0FBE2BA-799B-4071-A45D-8FB037006C9C}.Ad-Hoc|Any CPU.ActiveCfg = Ad-Hoc|iPhoneSimulator
		{D0FBE2BA-799B-4071-A45D-8FB037006C9C}.Ad-Hoc|iPhone.ActiveCfg = Ad-Hoc|iPhone
		{D0FBE2BA-799B-4071-A45D-8FB037006C9C}.Ad-Hoc|iPhone.Build.0 = Ad-Hoc|iPhone
		{D0FBE2BA-799B-4071-A45D-8FB037006C9C}.Ad-Hoc|iPhoneSimulator.ActiveCfg = Ad-Hoc|iPhoneSimulator
		{D0FBE2BA-799B-4071-A45D-8FB037006C9C}.Ad-Hoc|iPhoneSimulator.Build.0 = Ad-Hoc|iPhoneSimulator
		{D0FBE2BA-799B-4071-A45D-8FB037006C9C}.AppStore|Any CPU.ActiveCfg = AppStore|iPhoneSimulator
		{D0FBE2BA-799B-4071-A45D-8FB037006C9C}.AppStore|iPhone.ActiveCfg = AppStore|iPhone
		{D0FBE2BA-799B-4071-A45D-8FB037006C9C}.AppStore|iPhone.Build.0 = AppStore|iPhone
		{D0FBE2BA-799B-4071-A45D-8FB037006C9C}.AppStore|iPhoneSimulator.ActiveCfg = AppStore|iPhoneSimulator
		{D0FBE2BA-799B-4071-A45D-8FB037006C9C}.AppStore|iPhoneSimulator.Build.0 = AppStore|iPhoneSimulator
		{D0FBE2BA-799B-4071-A45D-8FB037006C9C}.Debug|Any CPU.ActiveCfg = Debug|iPhoneSimulator
		{D0FBE2BA-799B-4071-A45D-8FB037006C9C}.Debug|Any CPU.Build.0 = Debug|iPhoneSimulator
		{D0FBE2BA-799B-4071-A45D-8FB037006C9C}.Debug|iPhone.ActiveCfg = Debug|iPhone
		{D0FBE2BA-799B-4071-A45D-8FB037006C9C}.Debug|iPhone.Build.0 = Debug|iPhone
		{D0FBE2BA-799B-4071-A45D-8FB037006C9C}.Debug|iPhone.Deploy.0 = Debug|iPhone
		{D0FBE2BA-799B-4071-A45D-8FB037006C9C}.Debug|iPhoneSimulator.ActiveCfg = Debug|iPhoneSimulator
		{D0FBE2BA-799B-4071-A45D-8FB037006C9C}.Debug|iPhoneSimulator.Build.0 = Debug|iPhoneSimulator
		{D0FBE2BA-799B-4071-A45D-8FB037006C9C}.Release|Any CPU.ActiveCfg = Release|iPhoneSimulator
		{D0FBE2BA-799B-4071-A45D-8FB037006C9C}.Release|Any CPU.Build.0 = Release|iPhoneSimulator
		{D0FBE2BA-799B-4071-A45D-8FB037006C9C}.Release|iPhone.ActiveCfg = Release|iPhone
		{D0FBE2BA-799B-4071-A45D-8FB037006C9C}.Release|iPhone.Build.0 = Release|iPhone
		{D0FBE2BA-799B-4071-A45D-8FB037006C9C}.Release|iPhoneSimulator.ActiveCfg = Release|iPhoneSimulator
		{D0FBE2BA-799B-4071-A45D-8FB037006C9C}.Release|iPhoneSimulator.Build.0 = Release|iPhoneSimulator
		{807E6890-DE59-4007-B814-102DEB1F753F}.Ad-Hoc|Any CPU.ActiveCfg = Debug|Any CPU
		{807E6890-DE59-4007-B814-102DEB1F753F}.Ad-Hoc|Any CPU.Build.0 = Debug|Any CPU
		{807E6890-DE59-4007-B814-102DEB1F753F}.Ad-Hoc|iPhone.ActiveCfg = Debug|Any CPU
		{807E6890-DE59-4007-B814-102DEB1F753F}.Ad-Hoc|iPhone.Build.0 = Debug|Any CPU
		{807E6890-DE59-4007-B814-102DEB1F753F}.Ad-Hoc|iPhoneSimulator.ActiveCfg = Debug|Any CPU
		{807E6890-DE59-4007-B814-102DEB1F753F}.Ad-Hoc|iPhoneSimulator.Build.0 = Debug|Any CPU
		{807E6890-DE59-4007-B814-102DEB1F753F}.AppStore|Any CPU.ActiveCfg = Debug|Any CPU
		{807E6890-DE59-4007-B814-102DEB1F753F}.AppStore|Any CPU.Build.0 = Debug|Any CPU
		{807E6890-DE59-4007-B814-102DEB1F753F}.AppStore|iPhone.ActiveCfg = Debug|Any CPU
		{807E6890-DE59-4007-B814-102DEB1F753F}.AppStore|iPhone.Build.0 = Debug|Any CPU
		{807E6890-DE59-4007-B814-102DEB1F753F}.AppStore|iPhoneSimulator.ActiveCfg = Debug|Any CPU
		{807E6890-DE59-4007-B814-102DEB1F753F}.AppStore|iPhoneSimulator.Build.0 = Debug|Any CPU
		{807E6890-DE59-4007-B814-102DEB1F753F}.Debug|Any CPU.ActiveCfg = Debug|Any CPU
		{807E6890-DE59-4007-B814-102DEB1F753F}.Debug|Any CPU.Build.0 = Debug|Any CPU
		{807E6890-DE59-4007-B814-102DEB1F753F}.Debug|iPhone.ActiveCfg = Debug|Any CPU
		{807E6890-DE59-4007-B814-102DEB1F753F}.Debug|iPhone.Build.0 = Debug|Any CPU
		{807E6890-DE59-4007-B814-102DEB1F753F}.Debug|iPhoneSimulator.ActiveCfg = Debug|Any CPU
		{807E6890-DE59-4007-B814-102DEB1F753F}.Debug|iPhoneSimulator.Build.0 = Debug|Any CPU
		{807E6890-DE59-4007-B814-102DEB1F753F}.Release|Any CPU.ActiveCfg = Release|Any CPU
		{807E6890-DE59-4007-B814-102DEB1F753F}.Release|Any CPU.Build.0 = Release|Any CPU
		{807E6890-DE59-4007-B814-102DEB1F753F}.Release|iPhone.ActiveCfg = Release|Any CPU
		{807E6890-DE59-4007-B814-102DEB1F753F}.Release|iPhone.Build.0 = Release|Any CPU
		{807E6890-DE59-4007-B814-102DEB1F753F}.Release|iPhoneSimulator.ActiveCfg = Release|Any CPU
		{807E6890-DE59-4007-B814-102DEB1F753F}.Release|iPhoneSimulator.Build.0 = Release|Any CPU
	EndGlobalSection
	GlobalSection(SolutionProperties) = preSolution
		HideSolutionNode = FALSE
	EndGlobalSection
	GlobalSection(NestedProjects) = preSolution
		{47E1BEC1-4717-46F5-9E71-6F4CCB7B0EAF} = {704DE96C-C11F-455C-BB36-6EFBAC1C5F93}
		{7B0E4EFD-EEB8-4CE9-9C8D-7A4BF734E9A7} = {704DE96C-C11F-455C-BB36-6EFBAC1C5F93}
		{D0FBE2BA-799B-4071-A45D-8FB037006C9C} = {704DE96C-C11F-455C-BB36-6EFBAC1C5F93}
		{807E6890-DE59-4007-B814-102DEB1F753F} = {A9DD584A-DDD3-4CEC-9EDA-2488C719A142}
	EndGlobalSection
	GlobalSection(ExtensibilityGlobals) = postSolution
		SolutionGuid = {2C58ABE7-E52E-4DF2-88A9-85846F29FA62}
	EndGlobalSection
EndGlobal
